<?xml version="1.0" encoding="UTF-8"?>
<!DOCTYPE plist PUBLIC "-//Apple//DTD PLIST 1.0//EN" "http://www.apple.com/DTDs/PropertyList-1.0.dtd">
<plist version="1.0">
<dict>
	<key>archiveVersion</key>
	<string>1</string>
	<key>classes</key>
	<dict/>
	<key>objectVersion</key>
	<string>46</string>
	<key>objects</key>
	<dict>
		<key>1832B73941DD5AAF20970B17</key>
		<dict>
			<key>buildActionMask</key>
			<string>2147483647</string>
			<key>files</key>
			<array/>
			<key>inputPaths</key>
			<array/>
			<key>isa</key>
			<string>PBXShellScriptBuildPhase</string>
			<key>name</key>
			<string>Copy Pods Resources</string>
			<key>outputPaths</key>
			<array/>
			<key>runOnlyForDeploymentPostprocessing</key>
			<string>0</string>
			<key>shellPath</key>
			<string>/bin/sh</string>
			<key>shellScript</key>
			<string>"${SRCROOT}/Pods/Target Support Files/Pods-objectionViper/Pods-objectionViper-resources.sh"
</string>
			<key>showEnvVarsInLog</key>
			<string>0</string>
		</dict>
		<key>23DB4FB31E40279C3A2AEBFE</key>
		<dict>
			<key>buildActionMask</key>
			<string>2147483647</string>
			<key>files</key>
			<array/>
			<key>inputPaths</key>
			<array/>
			<key>isa</key>
			<string>PBXShellScriptBuildPhase</string>
			<key>name</key>
			<string>Check Pods Manifest.lock</string>
			<key>outputPaths</key>
			<array/>
			<key>runOnlyForDeploymentPostprocessing</key>
			<string>0</string>
			<key>shellPath</key>
			<string>/bin/sh</string>
			<key>shellScript</key>
			<string>diff "${PODS_ROOT}/../Podfile.lock" "${PODS_ROOT}/Manifest.lock" &gt; /dev/null
if [[ $? != 0 ]] ; then
    cat &lt;&lt; EOM
error: The sandbox is not in sync with the Podfile.lock. Run 'pod install' or update your CocoaPods installation.
EOM
    exit 1
fi
</string>
			<key>showEnvVarsInLog</key>
			<string>0</string>
		</dict>
		<key>2E89054B8F9213CECB0DC0DB</key>
		<dict>
			<key>children</key>
			<array>
				<string>63C5CEE81A6E058500874240</string>
				<string>F9BAB2911896C5873B212916</string>
				<string>E976B9CFB8D9B7DCB7F00E73</string>
			</array>
			<key>isa</key>
			<string>PBXGroup</string>
			<key>name</key>
			<string>Frameworks</string>
			<key>sourceTree</key>
			<string>&lt;group&gt;</string>
		</dict>
		<key>366958BD0F07BB2163295B6A</key>
		<dict>
			<key>buildActionMask</key>
			<string>2147483647</string>
			<key>files</key>
			<array/>
			<key>inputPaths</key>
			<array/>
			<key>isa</key>
			<string>PBXShellScriptBuildPhase</string>
			<key>name</key>
			<string>Check Pods Manifest.lock</string>
			<key>outputPaths</key>
			<array/>
			<key>runOnlyForDeploymentPostprocessing</key>
			<string>0</string>
			<key>shellPath</key>
			<string>/bin/sh</string>
			<key>shellScript</key>
			<string>diff "${PODS_ROOT}/../Podfile.lock" "${PODS_ROOT}/Manifest.lock" &gt; /dev/null
if [[ $? != 0 ]] ; then
    cat &lt;&lt; EOM
error: The sandbox is not in sync with the Podfile.lock. Run 'pod install' or update your CocoaPods installation.
EOM
    exit 1
fi
</string>
			<key>showEnvVarsInLog</key>
			<string>0</string>
		</dict>
		<key>51CDC849A0A1708B0ECED2AA</key>
		<dict>
			<key>children</key>
			<array>
				<string>887153EDBD665060E01D9813</string>
				<string>B4B73161896A31FE52E28A49</string>
				<string>76D5A0D8E4EC4688CE2B6A6D</string>
				<string>EEB73998684FE6BAE1B4C41F</string>
			</array>
			<key>isa</key>
			<string>PBXGroup</string>
			<key>name</key>
			<string>Pods</string>
			<key>sourceTree</key>
			<string>&lt;group&gt;</string>
		</dict>
		<key>639F78BE1A6DF9D700654082</key>
		<dict>
			<key>children</key>
			<array>
				<string>639F78C91A6DF9D700654082</string>
				<string>639F78E31A6DF9D700654082</string>
				<string>639F78C81A6DF9D700654082</string>
				<string>51CDC849A0A1708B0ECED2AA</string>
				<string>2E89054B8F9213CECB0DC0DB</string>
			</array>
			<key>isa</key>
			<string>PBXGroup</string>
			<key>sourceTree</key>
			<string>&lt;group&gt;</string>
		</dict>
		<key>639F78BF1A6DF9D700654082</key>
		<dict>
			<key>attributes</key>
			<dict>
				<key>CLASSPREFIX</key>
				<string>VTD</string>
				<key>LastUpgradeCheck</key>
				<string>0610</string>
				<key>ORGANIZATIONNAME</key>
				<string>&#22810;&#29609;&#20107;&#19994;&#37096; iOS&#24320;&#21457;&#32452; YY Inc.</string>
				<key>TargetAttributes</key>
				<dict>
					<key>639F78C61A6DF9D700654082</key>
					<dict>
						<key>CreatedOnToolsVersion</key>
						<string>6.1.1</string>
					</dict>
					<key>639F78DF1A6DF9D700654082</key>
					<dict>
						<key>CreatedOnToolsVersion</key>
						<string>6.1.1</string>
						<key>TestTargetID</key>
						<string>639F78C61A6DF9D700654082</string>
					</dict>
				</dict>
			</dict>
			<key>buildConfigurationList</key>
			<string>639F78C21A6DF9D700654082</string>
			<key>compatibilityVersion</key>
			<string>Xcode 3.2</string>
			<key>developmentRegion</key>
			<string>English</string>
			<key>hasScannedForEncodings</key>
			<string>0</string>
			<key>isa</key>
			<string>PBXProject</string>
			<key>knownRegions</key>
			<array>
				<string>en</string>
				<string>Base</string>
			</array>
			<key>mainGroup</key>
			<string>639F78BE1A6DF9D700654082</string>
			<key>productRefGroup</key>
			<string>639F78C81A6DF9D700654082</string>
			<key>projectDirPath</key>
			<string></string>
			<key>projectReferences</key>
			<array/>
			<key>projectRoot</key>
			<string></string>
			<key>targets</key>
			<array>
				<string>639F78C61A6DF9D700654082</string>
				<string>639F78DF1A6DF9D700654082</string>
			</array>
		</dict>
		<key>639F78C21A6DF9D700654082</key>
		<dict>
			<key>buildConfigurations</key>
			<array>
				<string>639F78E81A6DF9D800654082</string>
				<string>639F78E91A6DF9D800654082</string>
			</array>
			<key>defaultConfigurationIsVisible</key>
			<string>0</string>
			<key>defaultConfigurationName</key>
			<string>Release</string>
			<key>isa</key>
			<string>XCConfigurationList</string>
		</dict>
		<key>639F78C31A6DF9D700654082</key>
		<dict>
			<key>buildActionMask</key>
			<string>2147483647</string>
			<key>files</key>
			<array>
				<string>63F11EA31A6E3879000FF11B</string>
				<string>63F11EC91A6F4A8A000FF11B</string>
				<string>63F11EBD1A6E42AE000FF11B</string>
				<string>63F11EC51A6E5E51000FF11B</string>
				<string>63F11EA81A6E3B49000FF11B</string>
				<string>63C5CEE01A6E041800874240</string>
				<string>63F11ED61A6F5137000FF11B</string>
				<string>63ADC7101A6E23290048E2C7</string>
				<string>63F11EB01A6E4160000FF11B</string>
				<string>63F11EB71A6E420F000FF11B</string>
				<string>63F11EC21A6E470F000FF11B</string>
				<string>63F11ED31A6F4C3B000FF11B</string>
				<string>63F11ED91A6F5193000FF11B</string>
				<string>63ADC70C1A6E15510048E2C7</string>
				<string>63ADC7221A6E30E60048E2C7</string>
				<string>63F11EBA1A6E4296000FF11B</string>
				<string>63C5CEDC1A6E024E00874240</string>
				<string>63ADC7181A6E251D0048E2C7</string>
				<string>63F11ED01A6F4C28000FF11B</string>
				<string>639F78D01A6DF9D700654082</string>
				<string>63C5CEE71A6E056E00874240</string>
				<string>63ADC7141A6E24040048E2C7</string>
				<string>63C5CEEC1A6E05BD00874240</string>
				<string>639F78CD1A6DF9D700654082</string>
				<string>63ADC71F1A6E2D7A0048E2C7</string>
			</array>
			<key>isa</key>
			<string>PBXSourcesBuildPhase</string>
			<key>runOnlyForDeploymentPostprocessing</key>
			<string>0</string>
		</dict>
		<key>639F78C41A6DF9D700654082</key>
		<dict>
			<key>buildActionMask</key>
			<string>2147483647</string>
			<key>files</key>
			<array>
				<string>63C5CEE91A6E058500874240</string>
				<string>B0E28354D1282A5B5B67338A</string>
			</array>
			<key>isa</key>
			<string>PBXFrameworksBuildPhase</string>
			<key>runOnlyForDeploymentPostprocessing</key>
			<string>0</string>
		</dict>
		<key>639F78C51A6DF9D700654082</key>
		<dict>
			<key>buildActionMask</key>
			<string>2147483647</string>
			<key>files</key>
			<array>
				<string>639F78DB1A6DF9D700654082</string>
				<string>639F78D81A6DF9D700654082</string>
				<string>63F11EA51A6E38C2000FF11B</string>
				<string>63ADC71C1A6E28E80048E2C7</string>
			</array>
			<key>isa</key>
			<string>PBXResourcesBuildPhase</string>
			<key>runOnlyForDeploymentPostprocessing</key>
			<string>0</string>
		</dict>
		<key>639F78C61A6DF9D700654082</key>
		<dict>
			<key>buildConfigurationList</key>
			<string>639F78EA1A6DF9D800654082</string>
			<key>buildPhases</key>
			<array>
				<string>366958BD0F07BB2163295B6A</string>
				<string>639F78C31A6DF9D700654082</string>
				<string>639F78C41A6DF9D700654082</string>
				<string>639F78C51A6DF9D700654082</string>
				<string>1832B73941DD5AAF20970B17</string>
			</array>
			<key>buildRules</key>
			<array/>
			<key>dependencies</key>
			<array/>
			<key>isa</key>
			<string>PBXNativeTarget</string>
			<key>name</key>
			<string>objectionViper</string>
			<key>productName</key>
			<string>objectionViper</string>
			<key>productReference</key>
			<string>639F78C71A6DF9D700654082</string>
			<key>productType</key>
			<string>com.apple.product-type.application</string>
		</dict>
		<key>639F78C71A6DF9D700654082</key>
		<dict>
			<key>explicitFileType</key>
			<string>wrapper.application</string>
			<key>includeInIndex</key>
			<string>0</string>
			<key>isa</key>
			<string>PBXFileReference</string>
			<key>path</key>
			<string>objectionViper.app</string>
			<key>sourceTree</key>
			<string>BUILT_PRODUCTS_DIR</string>
		</dict>
		<key>639F78C81A6DF9D700654082</key>
		<dict>
			<key>children</key>
			<array>
				<string>639F78C71A6DF9D700654082</string>
				<string>639F78E01A6DF9D700654082</string>
			</array>
			<key>isa</key>
			<string>PBXGroup</string>
			<key>name</key>
			<string>Products</string>
			<key>sourceTree</key>
			<string>&lt;group&gt;</string>
		</dict>
		<key>639F78C91A6DF9D700654082</key>
		<dict>
			<key>children</key>
			<array>
				<string>63C5CED61A6E023900874240</string>
				<string>639F78CE1A6DF9D700654082</string>
				<string>639F78CF1A6DF9D700654082</string>
				<string>639F78D71A6DF9D700654082</string>
				<string>639F78D91A6DF9D700654082</string>
				<string>639F78CA1A6DF9D700654082</string>
			</array>
			<key>isa</key>
			<string>PBXGroup</string>
			<key>path</key>
			<string>objectionViper</string>
			<key>sourceTree</key>
			<string>&lt;group&gt;</string>
		</dict>
		<key>639F78CA1A6DF9D700654082</key>
		<dict>
			<key>children</key>
			<array>
				<string>639F78CB1A6DF9D700654082</string>
				<string>639F78CC1A6DF9D700654082</string>
				<string>639F78F01A6DFA1100654082</string>
			</array>
			<key>isa</key>
			<string>PBXGroup</string>
			<key>name</key>
			<string>Supporting Files</string>
			<key>sourceTree</key>
			<string>&lt;group&gt;</string>
		</dict>
		<key>639F78CB1A6DF9D700654082</key>
		<dict>
			<key>isa</key>
			<string>PBXFileReference</string>
			<key>lastKnownFileType</key>
			<string>text.plist.xml</string>
			<key>path</key>
			<string>Info.plist</string>
			<key>sourceTree</key>
			<string>&lt;group&gt;</string>
		</dict>
		<key>639F78CC1A6DF9D700654082</key>
		<dict>
			<key>isa</key>
			<string>PBXFileReference</string>
			<key>lastKnownFileType</key>
			<string>sourcecode.c.objc</string>
			<key>path</key>
			<string>main.m</string>
			<key>sourceTree</key>
			<string>&lt;group&gt;</string>
		</dict>
		<key>639F78CD1A6DF9D700654082</key>
		<dict>
			<key>fileRef</key>
			<string>639F78CC1A6DF9D700654082</string>
			<key>isa</key>
			<string>PBXBuildFile</string>
		</dict>
		<key>639F78CE1A6DF9D700654082</key>
		<dict>
			<key>isa</key>
			<string>PBXFileReference</string>
			<key>lastKnownFileType</key>
			<string>sourcecode.c.h</string>
			<key>path</key>
			<string>AppDelegate.h</string>
			<key>sourceTree</key>
			<string>&lt;group&gt;</string>
		</dict>
		<key>639F78CF1A6DF9D700654082</key>
		<dict>
			<key>isa</key>
			<string>PBXFileReference</string>
			<key>lastKnownFileType</key>
			<string>sourcecode.c.objc</string>
			<key>path</key>
			<string>AppDelegate.m</string>
			<key>sourceTree</key>
			<string>&lt;group&gt;</string>
		</dict>
		<key>639F78D01A6DF9D700654082</key>
		<dict>
			<key>fileRef</key>
			<string>639F78CF1A6DF9D700654082</string>
			<key>isa</key>
			<string>PBXBuildFile</string>
		</dict>
		<key>639F78D71A6DF9D700654082</key>
		<dict>
			<key>isa</key>
			<string>PBXFileReference</string>
			<key>lastKnownFileType</key>
			<string>folder.assetcatalog</string>
			<key>path</key>
			<string>Images.xcassets</string>
			<key>sourceTree</key>
			<string>&lt;group&gt;</string>
		</dict>
		<key>639F78D81A6DF9D700654082</key>
		<dict>
			<key>fileRef</key>
			<string>639F78D71A6DF9D700654082</string>
			<key>isa</key>
			<string>PBXBuildFile</string>
		</dict>
		<key>639F78D91A6DF9D700654082</key>
		<dict>
			<key>children</key>
			<array>
				<string>639F78DA1A6DF9D700654082</string>
			</array>
			<key>isa</key>
			<string>PBXVariantGroup</string>
			<key>name</key>
			<string>LaunchScreen.xib</string>
			<key>sourceTree</key>
			<string>&lt;group&gt;</string>
		</dict>
		<key>639F78DA1A6DF9D700654082</key>
		<dict>
			<key>isa</key>
			<string>PBXFileReference</string>
			<key>lastKnownFileType</key>
			<string>file.xib</string>
			<key>name</key>
			<string>Base</string>
			<key>path</key>
			<string>Base.lproj/LaunchScreen.xib</string>
			<key>sourceTree</key>
			<string>&lt;group&gt;</string>
		</dict>
		<key>639F78DB1A6DF9D700654082</key>
		<dict>
			<key>fileRef</key>
			<string>639F78D91A6DF9D700654082</string>
			<key>isa</key>
			<string>PBXBuildFile</string>
		</dict>
		<key>639F78DC1A6DF9D700654082</key>
		<dict>
			<key>buildActionMask</key>
			<string>2147483647</string>
			<key>files</key>
			<array>
				<string>63F11EDB1A6F5374000FF11B</string>
				<string>639F78E71A6DF9D800654082</string>
			</array>
			<key>isa</key>
			<string>PBXSourcesBuildPhase</string>
			<key>runOnlyForDeploymentPostprocessing</key>
			<string>0</string>
		</dict>
		<key>639F78DD1A6DF9D700654082</key>
		<dict>
			<key>buildActionMask</key>
			<string>2147483647</string>
			<key>files</key>
			<array>
				<string>9ACD9069B580729F564CFD8C</string>
			</array>
			<key>isa</key>
			<string>PBXFrameworksBuildPhase</string>
			<key>runOnlyForDeploymentPostprocessing</key>
			<string>0</string>
		</dict>
		<key>639F78DE1A6DF9D700654082</key>
		<dict>
			<key>buildActionMask</key>
			<string>2147483647</string>
			<key>files</key>
			<array/>
			<key>isa</key>
			<string>PBXResourcesBuildPhase</string>
			<key>runOnlyForDeploymentPostprocessing</key>
			<string>0</string>
		</dict>
		<key>639F78DF1A6DF9D700654082</key>
		<dict>
			<key>buildConfigurationList</key>
			<string>639F78ED1A6DF9D800654082</string>
			<key>buildPhases</key>
			<array>
				<string>23DB4FB31E40279C3A2AEBFE</string>
				<string>639F78DC1A6DF9D700654082</string>
				<string>639F78DD1A6DF9D700654082</string>
				<string>639F78DE1A6DF9D700654082</string>
				<string>F2EA872260FE9FA74207C2F1</string>
			</array>
			<key>buildRules</key>
			<array/>
			<key>dependencies</key>
			<array>
				<string>639F78E21A6DF9D700654082</string>
			</array>
			<key>isa</key>
			<string>PBXNativeTarget</string>
			<key>name</key>
			<string>objectionViperTests</string>
			<key>productName</key>
			<string>objectionViperTests</string>
			<key>productReference</key>
			<string>639F78E01A6DF9D700654082</string>
			<key>productType</key>
			<string>com.apple.product-type.bundle.unit-test</string>
		</dict>
		<key>639F78E01A6DF9D700654082</key>
		<dict>
			<key>explicitFileType</key>
			<string>wrapper.cfbundle</string>
			<key>includeInIndex</key>
			<string>0</string>
			<key>isa</key>
			<string>PBXFileReference</string>
			<key>path</key>
			<string>objectionViperTests.xctest</string>
			<key>sourceTree</key>
			<string>BUILT_PRODUCTS_DIR</string>
		</dict>
		<key>639F78E11A6DF9D700654082</key>
		<dict>
			<key>containerPortal</key>
			<string>639F78BF1A6DF9D700654082</string>
			<key>isa</key>
			<string>PBXContainerItemProxy</string>
			<key>proxyType</key>
			<string>1</string>
			<key>remoteGlobalIDString</key>
			<string>639F78C61A6DF9D700654082</string>
			<key>remoteInfo</key>
			<string>objectionViper</string>
		</dict>
		<key>639F78E21A6DF9D700654082</key>
		<dict>
			<key>isa</key>
			<string>PBXTargetDependency</string>
			<key>target</key>
			<string>639F78C61A6DF9D700654082</string>
			<key>targetProxy</key>
			<string>639F78E11A6DF9D700654082</string>
		</dict>
		<key>639F78E31A6DF9D700654082</key>
		<dict>
			<key>children</key>
			<array>
				<string>639F78E61A6DF9D800654082</string>
				<string>63F11EDA1A6F5374000FF11B</string>
				<string>639F78E41A6DF9D700654082</string>
			</array>
			<key>isa</key>
			<string>PBXGroup</string>
			<key>path</key>
			<string>objectionViperTests</string>
			<key>sourceTree</key>
			<string>&lt;group&gt;</string>
		</dict>
		<key>639F78E41A6DF9D700654082</key>
		<dict>
			<key>children</key>
			<array>
				<string>639F78E51A6DF9D800654082</string>
			</array>
			<key>isa</key>
			<string>PBXGroup</string>
			<key>name</key>
			<string>Supporting Files</string>
			<key>sourceTree</key>
			<string>&lt;group&gt;</string>
		</dict>
		<key>639F78E51A6DF9D800654082</key>
		<dict>
			<key>isa</key>
			<string>PBXFileReference</string>
			<key>lastKnownFileType</key>
			<string>text.plist.xml</string>
			<key>path</key>
			<string>Info.plist</string>
			<key>sourceTree</key>
			<string>&lt;group&gt;</string>
		</dict>
		<key>639F78E61A6DF9D800654082</key>
		<dict>
			<key>isa</key>
			<string>PBXFileReference</string>
			<key>lastKnownFileType</key>
			<string>sourcecode.c.objc</string>
			<key>path</key>
			<string>objectionViperTests.m</string>
			<key>sourceTree</key>
			<string>&lt;group&gt;</string>
		</dict>
		<key>639F78E71A6DF9D800654082</key>
		<dict>
			<key>fileRef</key>
			<string>639F78E61A6DF9D800654082</string>
			<key>isa</key>
			<string>PBXBuildFile</string>
		</dict>
		<key>639F78E81A6DF9D800654082</key>
		<dict>
			<key>buildSettings</key>
			<dict>
				<key>ALWAYS_SEARCH_USER_PATHS</key>
				<string>NO</string>
				<key>CLANG_CXX_LANGUAGE_STANDARD</key>
				<string>gnu++0x</string>
				<key>CLANG_CXX_LIBRARY</key>
				<string>libc++</string>
				<key>CLANG_ENABLE_MODULES</key>
				<string>YES</string>
				<key>CLANG_ENABLE_OBJC_ARC</key>
				<string>YES</string>
				<key>CLANG_WARN_BOOL_CONVERSION</key>
				<string>YES</string>
				<key>CLANG_WARN_CONSTANT_CONVERSION</key>
				<string>YES</string>
				<key>CLANG_WARN_DIRECT_OBJC_ISA_USAGE</key>
				<string>YES_ERROR</string>
				<key>CLANG_WARN_EMPTY_BODY</key>
				<string>YES</string>
				<key>CLANG_WARN_ENUM_CONVERSION</key>
				<string>YES</string>
				<key>CLANG_WARN_INT_CONVERSION</key>
				<string>YES</string>
				<key>CLANG_WARN_OBJC_ROOT_CLASS</key>
				<string>YES_ERROR</string>
				<key>CLANG_WARN_UNREACHABLE_CODE</key>
				<string>YES</string>
				<key>CLANG_WARN__DUPLICATE_METHOD_MATCH</key>
				<string>YES</string>
				<key>CODE_SIGN_IDENTITY[sdk=iphoneos*]</key>
				<string>iPhone Developer</string>
				<key>COPY_PHASE_STRIP</key>
				<string>NO</string>
				<key>ENABLE_STRICT_OBJC_MSGSEND</key>
				<string>YES</string>
				<key>GCC_C_LANGUAGE_STANDARD</key>
				<string>gnu99</string>
				<key>GCC_DYNAMIC_NO_PIC</key>
				<string>NO</string>
				<key>GCC_OPTIMIZATION_LEVEL</key>
				<string>0</string>
				<key>GCC_PREPROCESSOR_DEFINITIONS</key>
				<array>
					<string>DEBUG=1</string>
					<string>$(inherited)</string>
				</array>
				<key>GCC_SYMBOLS_PRIVATE_EXTERN</key>
				<string>NO</string>
				<key>GCC_WARN_64_TO_32_BIT_CONVERSION</key>
				<string>YES</string>
				<key>GCC_WARN_ABOUT_RETURN_TYPE</key>
				<string>YES_ERROR</string>
				<key>GCC_WARN_UNDECLARED_SELECTOR</key>
				<string>YES</string>
				<key>GCC_WARN_UNINITIALIZED_AUTOS</key>
				<string>YES_AGGRESSIVE</string>
				<key>GCC_WARN_UNUSED_FUNCTION</key>
				<string>YES</string>
				<key>GCC_WARN_UNUSED_VARIABLE</key>
				<string>YES</string>
				<key>IPHONEOS_DEPLOYMENT_TARGET</key>
				<string>8.1</string>
				<key>MTL_ENABLE_DEBUG_INFO</key>
				<string>YES</string>
				<key>ONLY_ACTIVE_ARCH</key>
				<string>YES</string>
				<key>SDKROOT</key>
				<string>iphoneos</string>
			</dict>
			<key>isa</key>
			<string>XCBuildConfiguration</string>
			<key>name</key>
			<string>Debug</string>
		</dict>
		<key>639F78E91A6DF9D800654082</key>
		<dict>
			<key>buildSettings</key>
			<dict>
				<key>ALWAYS_SEARCH_USER_PATHS</key>
				<string>NO</string>
				<key>CLANG_CXX_LANGUAGE_STANDARD</key>
				<string>gnu++0x</string>
				<key>CLANG_CXX_LIBRARY</key>
				<string>libc++</string>
				<key>CLANG_ENABLE_MODULES</key>
				<string>YES</string>
				<key>CLANG_ENABLE_OBJC_ARC</key>
				<string>YES</string>
				<key>CLANG_WARN_BOOL_CONVERSION</key>
				<string>YES</string>
				<key>CLANG_WARN_CONSTANT_CONVERSION</key>
				<string>YES</string>
				<key>CLANG_WARN_DIRECT_OBJC_ISA_USAGE</key>
				<string>YES_ERROR</string>
				<key>CLANG_WARN_EMPTY_BODY</key>
				<string>YES</string>
				<key>CLANG_WARN_ENUM_CONVERSION</key>
				<string>YES</string>
				<key>CLANG_WARN_INT_CONVERSION</key>
				<string>YES</string>
				<key>CLANG_WARN_OBJC_ROOT_CLASS</key>
				<string>YES_ERROR</string>
				<key>CLANG_WARN_UNREACHABLE_CODE</key>
				<string>YES</string>
				<key>CLANG_WARN__DUPLICATE_METHOD_MATCH</key>
				<string>YES</string>
				<key>CODE_SIGN_IDENTITY[sdk=iphoneos*]</key>
				<string>iPhone Developer</string>
				<key>COPY_PHASE_STRIP</key>
				<string>YES</string>
				<key>ENABLE_NS_ASSERTIONS</key>
				<string>NO</string>
				<key>ENABLE_STRICT_OBJC_MSGSEND</key>
				<string>YES</string>
				<key>GCC_C_LANGUAGE_STANDARD</key>
				<string>gnu99</string>
				<key>GCC_WARN_64_TO_32_BIT_CONVERSION</key>
				<string>YES</string>
				<key>GCC_WARN_ABOUT_RETURN_TYPE</key>
				<string>YES_ERROR</string>
				<key>GCC_WARN_UNDECLARED_SELECTOR</key>
				<string>YES</string>
				<key>GCC_WARN_UNINITIALIZED_AUTOS</key>
				<string>YES_AGGRESSIVE</string>
				<key>GCC_WARN_UNUSED_FUNCTION</key>
				<string>YES</string>
				<key>GCC_WARN_UNUSED_VARIABLE</key>
				<string>YES</string>
				<key>IPHONEOS_DEPLOYMENT_TARGET</key>
				<string>8.1</string>
				<key>MTL_ENABLE_DEBUG_INFO</key>
				<string>NO</string>
				<key>SDKROOT</key>
				<string>iphoneos</string>
				<key>VALIDATE_PRODUCT</key>
				<string>YES</string>
			</dict>
			<key>isa</key>
			<string>XCBuildConfiguration</string>
			<key>name</key>
			<string>Release</string>
		</dict>
		<key>639F78EA1A6DF9D800654082</key>
		<dict>
			<key>buildConfigurations</key>
			<array>
				<string>639F78EB1A6DF9D800654082</string>
				<string>639F78EC1A6DF9D800654082</string>
			</array>
			<key>defaultConfigurationIsVisible</key>
			<string>0</string>
			<key>defaultConfigurationName</key>
			<string>Release</string>
			<key>isa</key>
			<string>XCConfigurationList</string>
		</dict>
		<key>639F78EB1A6DF9D800654082</key>
		<dict>
			<key>baseConfigurationReference</key>
			<string>887153EDBD665060E01D9813</string>
			<key>buildSettings</key>
			<dict>
				<key>ASSETCATALOG_COMPILER_APPICON_NAME</key>
				<string>AppIcon</string>
				<key>GCC_PRECOMPILE_PREFIX_HEADER</key>
				<string>YES</string>
				<key>GCC_PREFIX_HEADER</key>
				<string>objectionViper/VTD-Prefix.pch</string>
				<key>INFOPLIST_FILE</key>
				<string>objectionViper/Info.plist</string>
				<key>IPHONEOS_DEPLOYMENT_TARGET</key>
				<string>7.0</string>
				<key>LD_RUNPATH_SEARCH_PATHS</key>
				<string>$(inherited) @executable_path/Frameworks</string>
				<key>PRODUCT_NAME</key>
				<string>$(TARGET_NAME)</string>
			</dict>
			<key>isa</key>
			<string>XCBuildConfiguration</string>
			<key>name</key>
			<string>Debug</string>
		</dict>
		<key>639F78EC1A6DF9D800654082</key>
		<dict>
			<key>baseConfigurationReference</key>
			<string>B4B73161896A31FE52E28A49</string>
			<key>buildSettings</key>
			<dict>
				<key>ASSETCATALOG_COMPILER_APPICON_NAME</key>
				<string>AppIcon</string>
				<key>GCC_PRECOMPILE_PREFIX_HEADER</key>
				<string>YES</string>
				<key>GCC_PREFIX_HEADER</key>
				<string>objectionViper/VTD-Prefix.pch</string>
				<key>INFOPLIST_FILE</key>
				<string>objectionViper/Info.plist</string>
				<key>IPHONEOS_DEPLOYMENT_TARGET</key>
				<string>7.0</string>
				<key>LD_RUNPATH_SEARCH_PATHS</key>
				<string>$(inherited) @executable_path/Frameworks</string>
				<key>PRODUCT_NAME</key>
				<string>$(TARGET_NAME)</string>
			</dict>
			<key>isa</key>
			<string>XCBuildConfiguration</string>
			<key>name</key>
			<string>Release</string>
		</dict>
		<key>639F78ED1A6DF9D800654082</key>
		<dict>
			<key>buildConfigurations</key>
			<array>
				<string>639F78EE1A6DF9D800654082</string>
				<string>639F78EF1A6DF9D800654082</string>
			</array>
			<key>defaultConfigurationIsVisible</key>
			<string>0</string>
			<key>defaultConfigurationName</key>
			<string>Release</string>
			<key>isa</key>
			<string>XCConfigurationList</string>
		</dict>
		<key>639F78EE1A6DF9D800654082</key>
		<dict>
			<key>baseConfigurationReference</key>
			<string>76D5A0D8E4EC4688CE2B6A6D</string>
			<key>buildSettings</key>
			<dict>
				<key>BUNDLE_LOADER</key>
				<string>$(TEST_HOST)</string>
				<key>FRAMEWORK_SEARCH_PATHS</key>
				<array>
					<string>$(SDKROOT)/Developer/Library/Frameworks</string>
					<string>$(inherited)</string>
				</array>
				<key>GCC_PREPROCESSOR_DEFINITIONS</key>
				<array>
					<string>DEBUG=1</string>
					<string>$(inherited)</string>
				</array>
				<key>INFOPLIST_FILE</key>
				<string>objectionViperTests/Info.plist</string>
				<key>LD_RUNPATH_SEARCH_PATHS</key>
				<string>$(inherited) @executable_path/Frameworks @loader_path/Frameworks</string>
				<key>PRODUCT_NAME</key>
				<string>$(TARGET_NAME)</string>
				<key>TEST_HOST</key>
				<string>$(BUILT_PRODUCTS_DIR)/objectionViper.app/objectionViper</string>
			</dict>
			<key>isa</key>
			<string>XCBuildConfiguration</string>
			<key>name</key>
			<string>Debug</string>
		</dict>
		<key>639F78EF1A6DF9D800654082</key>
		<dict>
			<key>baseConfigurationReference</key>
			<string>EEB73998684FE6BAE1B4C41F</string>
			<key>buildSettings</key>
			<dict>
				<key>BUNDLE_LOADER</key>
				<string>$(TEST_HOST)</string>
				<key>FRAMEWORK_SEARCH_PATHS</key>
				<array>
					<string>$(SDKROOT)/Developer/Library/Frameworks</string>
					<string>$(inherited)</string>
				</array>
				<key>INFOPLIST_FILE</key>
				<string>objectionViperTests/Info.plist</string>
				<key>LD_RUNPATH_SEARCH_PATHS</key>
				<string>$(inherited) @executable_path/Frameworks @loader_path/Frameworks</string>
				<key>PRODUCT_NAME</key>
				<string>$(TARGET_NAME)</string>
				<key>TEST_HOST</key>
				<string>$(BUILT_PRODUCTS_DIR)/objectionViper.app/objectionViper</string>
			</dict>
			<key>isa</key>
			<string>XCBuildConfiguration</string>
			<key>name</key>
			<string>Release</string>
		</dict>
		<key>639F78F01A6DFA1100654082</key>
		<dict>
			<key>isa</key>
			<string>PBXFileReference</string>
			<key>lastKnownFileType</key>
			<string>sourcecode.c.h</string>
			<key>path</key>
			<string>VTD-Prefix.pch</string>
			<key>sourceTree</key>
			<string>&lt;group&gt;</string>
		</dict>
		<key>63ADC6FF1A6E0DF90048E2C7</key>
		<dict>
			<key>children</key>
			<array>
				<string>63ADC7011A6E153B0048E2C7</string>
				<string>63ADC7051A6E153B0048E2C7</string>
				<string>63ADC7091A6E153B0048E2C7</string>
			</array>
			<key>isa</key>
			<string>PBXGroup</string>
			<key>path</key>
			<string>List</string>
			<key>sourceTree</key>
			<string>&lt;group&gt;</string>
		</dict>
		<key>63ADC7001A6E0DF90048E2C7</key>
		<dict>
			<key>children</key>
			<array>
				<string>63F11EA91A6E413B000FF11B</string>
				<string>63F11EAC1A6E413B000FF11B</string>
				<string>63F11EAD1A6E413B000FF11B</string>
			</array>
			<key>isa</key>
			<string>PBXGroup</string>
			<key>path</key>
			<string>Add</string>
			<key>sourceTree</key>
			<string>&lt;group&gt;</string>
		</dict>
		<key>63ADC7011A6E153B0048E2C7</key>
		<dict>
			<key>children</key>
			<array>
				<string>63F11ECD1A6F4C12000FF11B</string>
				<string>63ADC7031A6E153B0048E2C7</string>
				<string>63ADC7041A6E153B0048E2C7</string>
			</array>
			<key>isa</key>
			<string>PBXGroup</string>
			<key>path</key>
			<string>Application Logic</string>
			<key>sourceTree</key>
			<string>&lt;group&gt;</string>
		</dict>
		<key>63ADC7031A6E153B0048E2C7</key>
		<dict>
			<key>children</key>
			<array>
				<string>63F11ED71A6F5193000FF11B</string>
				<string>63F11ED81A6F5193000FF11B</string>
			</array>
			<key>isa</key>
			<string>PBXGroup</string>
			<key>path</key>
			<string>Manager</string>
			<key>sourceTree</key>
			<string>&lt;group&gt;</string>
		</dict>
		<key>63ADC7041A6E153B0048E2C7</key>
		<dict>
			<key>children</key>
			<array>
				<string>63F11ED41A6F5137000FF11B</string>
				<string>63F11ED51A6F5137000FF11B</string>
			</array>
			<key>isa</key>
			<string>PBXGroup</string>
			<key>path</key>
			<string>Provider</string>
			<key>sourceTree</key>
			<string>&lt;group&gt;</string>
		</dict>
		<key>63ADC7051A6E153B0048E2C7</key>
		<dict>
			<key>children</key>
			<array>
				<string>63ADC7061A6E153B0048E2C7</string>
				<string>63ADC7071A6E153B0048E2C7</string>
				<string>63ADC7081A6E153B0048E2C7</string>
			</array>
			<key>isa</key>
			<string>PBXGroup</string>
			<key>path</key>
			<string>User Interface</string>
			<key>sourceTree</key>
			<string>&lt;group&gt;</string>
		</dict>
		<key>63ADC7061A6E153B0048E2C7</key>
		<dict>
			<key>children</key>
			<array>
				<string>63ADC7201A6E30E60048E2C7</string>
				<string>63ADC7211A6E30E60048E2C7</string>
				<string>63F11EA61A6E3B49000FF11B</string>
				<string>63F11EA71A6E3B49000FF11B</string>
			</array>
			<key>isa</key>
			<string>PBXGroup</string>
			<key>path</key>
			<string>Presenter</string>
			<key>sourceTree</key>
			<string>&lt;group&gt;</string>
		</dict>
		<key>63ADC7071A6E153B0048E2C7</key>
		<dict>
			<key>children</key>
			<array>
				<string>63ADC71D1A6E2D7A0048E2C7</string>
				<string>63ADC71E1A6E2D7A0048E2C7</string>
				<string>63F11EA11A6E3879000FF11B</string>
				<string>63F11EA21A6E3879000FF11B</string>
			</array>
			<key>isa</key>
			<string>PBXGroup</string>
			<key>path</key>
			<string>View</string>
			<key>sourceTree</key>
			<string>&lt;group&gt;</string>
		</dict>
		<key>63ADC7081A6E153B0048E2C7</key>
		<dict>
			<key>children</key>
			<array>
				<string>63ADC70E1A6E23290048E2C7</string>
				<string>63ADC70F1A6E23290048E2C7</string>
			</array>
			<key>isa</key>
			<string>PBXGroup</string>
			<key>path</key>
			<string>Wireframe</string>
			<key>sourceTree</key>
			<string>&lt;group&gt;</string>
		</dict>
		<key>63ADC7091A6E153B0048E2C7</key>
		<dict>
			<key>children</key>
			<array>
				<string>63ADC70A1A6E15510048E2C7</string>
				<string>63ADC70B1A6E15510048E2C7</string>
				<string>63ADC70D1A6E156B0048E2C7</string>
			</array>
			<key>isa</key>
			<string>PBXGroup</string>
			<key>path</key>
			<string>Module Interface</string>
			<key>sourceTree</key>
			<string>&lt;group&gt;</string>
		</dict>
		<key>63ADC70A1A6E15510048E2C7</key>
		<dict>
			<key>fileEncoding</key>
			<string>4</string>
			<key>isa</key>
			<string>PBXFileReference</string>
			<key>lastKnownFileType</key>
			<string>sourcecode.c.h</string>
			<key>path</key>
			<string>VTDListModule.h</string>
			<key>sourceTree</key>
			<string>&lt;group&gt;</string>
		</dict>
		<key>63ADC70B1A6E15510048E2C7</key>
		<dict>
			<key>fileEncoding</key>
			<string>4</string>
			<key>isa</key>
			<string>PBXFileReference</string>
			<key>lastKnownFileType</key>
			<string>sourcecode.c.objc</string>
			<key>path</key>
			<string>VTDListModule.m</string>
			<key>sourceTree</key>
			<string>&lt;group&gt;</string>
		</dict>
		<key>63ADC70C1A6E15510048E2C7</key>
		<dict>
			<key>fileRef</key>
			<string>63ADC70B1A6E15510048E2C7</string>
			<key>isa</key>
			<string>PBXBuildFile</string>
		</dict>
		<key>63ADC70D1A6E156B0048E2C7</key>
		<dict>
			<key>fileEncoding</key>
			<string>4</string>
			<key>isa</key>
			<string>PBXFileReference</string>
			<key>lastKnownFileType</key>
			<string>sourcecode.c.h</string>
			<key>path</key>
			<string>VTDListProtocol.h</string>
			<key>sourceTree</key>
			<string>&lt;group&gt;</string>
		</dict>
		<key>63ADC70E1A6E23290048E2C7</key>
		<dict>
			<key>fileEncoding</key>
			<string>4</string>
			<key>isa</key>
			<string>PBXFileReference</string>
			<key>lastKnownFileType</key>
			<string>sourcecode.c.h</string>
			<key>path</key>
			<string>VTDListWireFrame.h</string>
			<key>sourceTree</key>
			<string>&lt;group&gt;</string>
		</dict>
		<key>63ADC70F1A6E23290048E2C7</key>
		<dict>
			<key>fileEncoding</key>
			<string>4</string>
			<key>isa</key>
			<string>PBXFileReference</string>
			<key>lastKnownFileType</key>
			<string>sourcecode.c.objc</string>
			<key>path</key>
			<string>VTDListWireFrame.m</string>
			<key>sourceTree</key>
			<string>&lt;group&gt;</string>
		</dict>
		<key>63ADC7101A6E23290048E2C7</key>
		<dict>
			<key>fileRef</key>
			<string>63ADC70F1A6E23290048E2C7</string>
			<key>isa</key>
			<string>PBXBuildFile</string>
		</dict>
		<key>63ADC7111A6E23F70048E2C7</key>
		<dict>
			<key>children</key>
			<array>
				<string>63ADC7121A6E24040048E2C7</string>
				<string>63ADC7131A6E24040048E2C7</string>
			</array>
			<key>isa</key>
			<string>PBXGroup</string>
			<key>path</key>
			<string>View</string>
			<key>sourceTree</key>
			<string>&lt;group&gt;</string>
		</dict>
		<key>63ADC7121A6E24040048E2C7</key>
		<dict>
			<key>fileEncoding</key>
			<string>4</string>
			<key>isa</key>
			<string>PBXFileReference</string>
			<key>lastKnownFileType</key>
			<string>sourcecode.c.h</string>
			<key>path</key>
			<string>VTDWireFrame.h</string>
			<key>sourceTree</key>
			<string>&lt;group&gt;</string>
		</dict>
		<key>63ADC7131A6E24040048E2C7</key>
		<dict>
			<key>fileEncoding</key>
			<string>4</string>
			<key>isa</key>
			<string>PBXFileReference</string>
			<key>lastKnownFileType</key>
			<string>sourcecode.c.objc</string>
			<key>path</key>
			<string>VTDWireFrame.m</string>
			<key>sourceTree</key>
			<string>&lt;group&gt;</string>
		</dict>
		<key>63ADC7141A6E24040048E2C7</key>
		<dict>
			<key>fileRef</key>
			<string>63ADC7131A6E24040048E2C7</string>
			<key>isa</key>
			<string>PBXBuildFile</string>
		</dict>
		<key>63ADC7151A6E25090048E2C7</key>
		<dict>
			<key>children</key>
			<array>
				<string>63ADC7161A6E251D0048E2C7</string>
				<string>63ADC7171A6E251D0048E2C7</string>
				<string>63ADC7191A6E252E0048E2C7</string>
			</array>
			<key>isa</key>
			<string>PBXGroup</string>
			<key>path</key>
			<string>Core</string>
			<key>sourceTree</key>
			<string>&lt;group&gt;</string>
		</dict>
		<key>63ADC7161A6E251D0048E2C7</key>
		<dict>
			<key>fileEncoding</key>
			<string>4</string>
			<key>isa</key>
			<string>PBXFileReference</string>
			<key>lastKnownFileType</key>
			<string>sourcecode.c.h</string>
			<key>path</key>
			<string>VTDCoreModule.h</string>
			<key>sourceTree</key>
			<string>&lt;group&gt;</string>
		</dict>
		<key>63ADC7171A6E251D0048E2C7</key>
		<dict>
			<key>fileEncoding</key>
			<string>4</string>
			<key>isa</key>
			<string>PBXFileReference</string>
			<key>lastKnownFileType</key>
			<string>sourcecode.c.objc</string>
			<key>path</key>
			<string>VTDCoreModule.m</string>
			<key>sourceTree</key>
			<string>&lt;group&gt;</string>
		</dict>
		<key>63ADC7181A6E251D0048E2C7</key>
		<dict>
			<key>fileRef</key>
			<string>63ADC7171A6E251D0048E2C7</string>
			<key>isa</key>
			<string>PBXBuildFile</string>
		</dict>
		<key>63ADC7191A6E252E0048E2C7</key>
		<dict>
			<key>fileEncoding</key>
			<string>4</string>
			<key>isa</key>
			<string>PBXFileReference</string>
			<key>lastKnownFileType</key>
			<string>sourcecode.c.h</string>
			<key>path</key>
			<string>VTDCoreProtocol.h</string>
			<key>sourceTree</key>
			<string>&lt;group&gt;</string>
		</dict>
		<key>63ADC71A1A6E28CF0048E2C7</key>
		<dict>
			<key>children</key>
			<array>
				<string>63ADC71B1A6E28E80048E2C7</string>
				<string>63F11EA41A6E38C2000FF11B</string>
			</array>
			<key>isa</key>
			<string>PBXGroup</string>
			<key>path</key>
			<string>Resources</string>
			<key>sourceTree</key>
			<string>&lt;group&gt;</string>
		</dict>
		<key>63ADC71B1A6E28E80048E2C7</key>
		<dict>
			<key>fileEncoding</key>
			<string>4</string>
			<key>isa</key>
			<string>PBXFileReference</string>
			<key>lastKnownFileType</key>
			<string>file.storyboard</string>
			<key>path</key>
			<string>VTD.storyboard</string>
			<key>sourceTree</key>
			<string>&lt;group&gt;</string>
		</dict>
		<key>63ADC71C1A6E28E80048E2C7</key>
		<dict>
			<key>fileRef</key>
			<string>63ADC71B1A6E28E80048E2C7</string>
			<key>isa</key>
			<string>PBXBuildFile</string>
		</dict>
		<key>63ADC71D1A6E2D7A0048E2C7</key>
		<dict>
			<key>fileEncoding</key>
			<string>4</string>
			<key>isa</key>
			<string>PBXFileReference</string>
			<key>lastKnownFileType</key>
			<string>sourcecode.c.h</string>
			<key>path</key>
			<string>VTDListViewController.h</string>
			<key>sourceTree</key>
			<string>&lt;group&gt;</string>
		</dict>
		<key>63ADC71E1A6E2D7A0048E2C7</key>
		<dict>
			<key>fileEncoding</key>
			<string>4</string>
			<key>isa</key>
			<string>PBXFileReference</string>
			<key>lastKnownFileType</key>
			<string>sourcecode.c.objc</string>
			<key>path</key>
			<string>VTDListViewController.m</string>
			<key>sourceTree</key>
			<string>&lt;group&gt;</string>
		</dict>
		<key>63ADC71F1A6E2D7A0048E2C7</key>
		<dict>
			<key>fileRef</key>
			<string>63ADC71E1A6E2D7A0048E2C7</string>
			<key>isa</key>
			<string>PBXBuildFile</string>
		</dict>
		<key>63ADC7201A6E30E60048E2C7</key>
		<dict>
			<key>fileEncoding</key>
			<string>4</string>
			<key>isa</key>
			<string>PBXFileReference</string>
			<key>lastKnownFileType</key>
			<string>sourcecode.c.h</string>
			<key>path</key>
			<string>VTDListPresenter.h</string>
			<key>sourceTree</key>
			<string>&lt;group&gt;</string>
		</dict>
		<key>63ADC7211A6E30E60048E2C7</key>
		<dict>
			<key>fileEncoding</key>
			<string>4</string>
			<key>isa</key>
			<string>PBXFileReference</string>
			<key>lastKnownFileType</key>
			<string>sourcecode.c.objc</string>
			<key>path</key>
			<string>VTDListPresenter.m</string>
			<key>sourceTree</key>
			<string>&lt;group&gt;</string>
		</dict>
		<key>63ADC7221A6E30E60048E2C7</key>
		<dict>
			<key>fileRef</key>
			<string>63ADC7211A6E30E60048E2C7</string>
			<key>isa</key>
			<string>PBXBuildFile</string>
		</dict>
		<key>63C5CED61A6E023900874240</key>
		<dict>
			<key>children</key>
			<array>
				<string>63ADC71A1A6E28CF0048E2C7</string>
				<string>63C5CED71A6E023900874240</string>
			</array>
			<key>isa</key>
			<string>PBXGroup</string>
			<key>path</key>
			<string>VTDApplication</string>
			<key>sourceTree</key>
			<string>&lt;group&gt;</string>
		</dict>
		<key>63C5CED71A6E023900874240</key>
		<dict>
			<key>children</key>
			<array>
				<string>63C5CED81A6E023900874240</string>
				<string>63C5CED91A6E023900874240</string>
				<string>63C5CEDA1A6E024E00874240</string>
				<string>63C5CEDB1A6E024E00874240</string>
			</array>
			<key>isa</key>
			<string>PBXGroup</string>
			<key>path</key>
			<string>Classes</string>
			<key>sourceTree</key>
			<string>&lt;group&gt;</string>
		</dict>
		<key>63C5CED81A6E023900874240</key>
		<dict>
			<key>children</key>
			<array>
				<string>63F11EC61A6F4A7A000FF11B</string>
				<string>63ADC7151A6E25090048E2C7</string>
				<string>63ADC7111A6E23F70048E2C7</string>
				<string>63C5CEDD1A6E036B00874240</string>
			</array>
			<key>isa</key>
			<string>PBXGroup</string>
			<key>path</key>
			<string>Common</string>
			<key>sourceTree</key>
			<string>&lt;group&gt;</string>
		</dict>
		<key>63C5CED91A6E023900874240</key>
		<dict>
			<key>children</key>
			<array>
				<string>63ADC6FF1A6E0DF90048E2C7</string>
				<string>63ADC7001A6E0DF90048E2C7</string>
			</array>
			<key>isa</key>
			<string>PBXGroup</string>
			<key>path</key>
			<string>Modules</string>
			<key>sourceTree</key>
			<string>&lt;group&gt;</string>
		</dict>
		<key>63C5CEDA1A6E024E00874240</key>
		<dict>
			<key>fileEncoding</key>
			<string>4</string>
			<key>isa</key>
			<string>PBXFileReference</string>
			<key>lastKnownFileType</key>
			<string>sourcecode.c.h</string>
			<key>path</key>
			<string>VTDApplication.h</string>
			<key>sourceTree</key>
			<string>&lt;group&gt;</string>
		</dict>
		<key>63C5CEDB1A6E024E00874240</key>
		<dict>
			<key>fileEncoding</key>
			<string>4</string>
			<key>isa</key>
			<string>PBXFileReference</string>
			<key>lastKnownFileType</key>
			<string>sourcecode.c.objc</string>
			<key>path</key>
			<string>VTDApplication.m</string>
			<key>sourceTree</key>
			<string>&lt;group&gt;</string>
		</dict>
		<key>63C5CEDC1A6E024E00874240</key>
		<dict>
			<key>fileRef</key>
			<string>63C5CEDB1A6E024E00874240</string>
			<key>isa</key>
			<string>PBXBuildFile</string>
		</dict>
		<key>63C5CEDD1A6E036B00874240</key>
		<dict>
			<key>children</key>
			<array>
				<string>63C5CEE41A6E056E00874240</string>
				<string>63C5CEDE1A6E041800874240</string>
				<string>63C5CEEA1A6E05BD00874240</string>
				<string>63C5CEEB1A6E05BD00874240</string>
			</array>
			<key>isa</key>
			<string>PBXGroup</string>
			<key>path</key>
			<string>Store</string>
			<key>sourceTree</key>
			<string>&lt;group&gt;</string>
		</dict>
		<key>63C5CEDE1A6E041800874240</key>
		<dict>
			<key>children</key>
			<array>
				<string>63C5CEDF1A6E041800874240</string>
			</array>
			<key>currentVersion</key>
			<string>63C5CEDF1A6E041800874240</string>
			<key>isa</key>
			<string>XCVersionGroup</string>
			<key>path</key>
			<string>VTDModel.xcdatamodeld</string>
			<key>sourceTree</key>
			<string>&lt;group&gt;</string>
			<key>versionGroupType</key>
			<string>wrapper.xcdatamodel</string>
		</dict>
		<key>63C5CEDF1A6E041800874240</key>
		<dict>
			<key>isa</key>
			<string>PBXFileReference</string>
			<key>lastKnownFileType</key>
			<string>wrapper.xcdatamodel</string>
			<key>path</key>
			<string>VTDModel.xcdatamodel</string>
			<key>sourceTree</key>
			<string>&lt;group&gt;</string>
		</dict>
		<key>63C5CEE01A6E041800874240</key>
		<dict>
			<key>fileRef</key>
			<string>63C5CEDE1A6E041800874240</string>
			<key>isa</key>
			<string>PBXBuildFile</string>
		</dict>
		<key>63C5CEE41A6E056E00874240</key>
		<dict>
			<key>children</key>
			<array>
				<string>63C5CEE51A6E056E00874240</string>
				<string>63C5CEE61A6E056E00874240</string>
			</array>
			<key>isa</key>
			<string>PBXGroup</string>
			<key>path</key>
			<string>Entities</string>
			<key>sourceTree</key>
			<string>&lt;group&gt;</string>
		</dict>
		<key>63C5CEE51A6E056E00874240</key>
		<dict>
			<key>fileEncoding</key>
			<string>4</string>
			<key>isa</key>
			<string>PBXFileReference</string>
			<key>lastKnownFileType</key>
			<string>sourcecode.c.h</string>
			<key>path</key>
			<string>VTDManagedTodoItem.h</string>
			<key>sourceTree</key>
			<string>&lt;group&gt;</string>
		</dict>
		<key>63C5CEE61A6E056E00874240</key>
		<dict>
			<key>fileEncoding</key>
			<string>4</string>
			<key>isa</key>
			<string>PBXFileReference</string>
			<key>lastKnownFileType</key>
			<string>sourcecode.c.objc</string>
			<key>path</key>
			<string>VTDManagedTodoItem.m</string>
			<key>sourceTree</key>
			<string>&lt;group&gt;</string>
		</dict>
		<key>63C5CEE71A6E056E00874240</key>
		<dict>
			<key>fileRef</key>
			<string>63C5CEE61A6E056E00874240</string>
			<key>isa</key>
			<string>PBXBuildFile</string>
		</dict>
		<key>63C5CEE81A6E058500874240</key>
		<dict>
			<key>isa</key>
			<string>PBXFileReference</string>
			<key>lastKnownFileType</key>
			<string>wrapper.framework</string>
			<key>name</key>
			<string>CoreData.framework</string>
			<key>path</key>
			<string>System/Library/Frameworks/CoreData.framework</string>
			<key>sourceTree</key>
			<string>SDKROOT</string>
		</dict>
		<key>63C5CEE91A6E058500874240</key>
		<dict>
			<key>fileRef</key>
			<string>63C5CEE81A6E058500874240</string>
			<key>isa</key>
			<string>PBXBuildFile</string>
		</dict>
		<key>63C5CEEA1A6E05BD00874240</key>
		<dict>
			<key>fileEncoding</key>
			<string>4</string>
			<key>isa</key>
			<string>PBXFileReference</string>
			<key>lastKnownFileType</key>
			<string>sourcecode.c.h</string>
			<key>path</key>
			<string>VTDCoreDataStore.h</string>
			<key>sourceTree</key>
			<string>&lt;group&gt;</string>
		</dict>
		<key>63C5CEEB1A6E05BD00874240</key>
		<dict>
			<key>fileEncoding</key>
			<string>4</string>
			<key>isa</key>
			<string>PBXFileReference</string>
			<key>lastKnownFileType</key>
			<string>sourcecode.c.objc</string>
			<key>path</key>
			<string>VTDCoreDataStore.m</string>
			<key>sourceTree</key>
			<string>&lt;group&gt;</string>
		</dict>
		<key>63C5CEEC1A6E05BD00874240</key>
		<dict>
			<key>fileRef</key>
			<string>63C5CEEB1A6E05BD00874240</string>
			<key>isa</key>
			<string>PBXBuildFile</string>
		</dict>
		<key>63F11EA11A6E3879000FF11B</key>
		<dict>
			<key>fileEncoding</key>
			<string>4</string>
			<key>isa</key>
			<string>PBXFileReference</string>
			<key>lastKnownFileType</key>
			<string>sourcecode.c.h</string>
			<key>path</key>
			<string>VTDListTableViewCell.h</string>
			<key>sourceTree</key>
			<string>&lt;group&gt;</string>
		</dict>
		<key>63F11EA21A6E3879000FF11B</key>
		<dict>
			<key>fileEncoding</key>
			<string>4</string>
			<key>isa</key>
			<string>PBXFileReference</string>
			<key>lastKnownFileType</key>
			<string>sourcecode.c.objc</string>
			<key>path</key>
			<string>VTDListTableViewCell.m</string>
			<key>sourceTree</key>
			<string>&lt;group&gt;</string>
		</dict>
		<key>63F11EA31A6E3879000FF11B</key>
		<dict>
			<key>fileRef</key>
			<string>63F11EA21A6E3879000FF11B</string>
			<key>isa</key>
			<string>PBXBuildFile</string>
		</dict>
		<key>63F11EA41A6E38C2000FF11B</key>
		<dict>
			<key>fileEncoding</key>
			<string>4</string>
			<key>isa</key>
			<string>PBXFileReference</string>
			<key>lastKnownFileType</key>
			<string>file.xib</string>
			<key>path</key>
			<string>VTDListTableViewCell.xib</string>
			<key>sourceTree</key>
			<string>&lt;group&gt;</string>
		</dict>
		<key>63F11EA51A6E38C2000FF11B</key>
		<dict>
			<key>fileRef</key>
			<string>63F11EA41A6E38C2000FF11B</string>
			<key>isa</key>
			<string>PBXBuildFile</string>
		</dict>
		<key>63F11EA61A6E3B49000FF11B</key>
		<dict>
			<key>fileEncoding</key>
			<string>4</string>
			<key>isa</key>
			<string>PBXFileReference</string>
			<key>lastKnownFileType</key>
			<string>sourcecode.c.h</string>
			<key>path</key>
			<string>VTDListTableViewCellPresenter.h</string>
			<key>sourceTree</key>
			<string>&lt;group&gt;</string>
		</dict>
		<key>63F11EA71A6E3B49000FF11B</key>
		<dict>
			<key>fileEncoding</key>
			<string>4</string>
			<key>isa</key>
			<string>PBXFileReference</string>
			<key>lastKnownFileType</key>
			<string>sourcecode.c.objc</string>
			<key>path</key>
			<string>VTDListTableViewCellPresenter.m</string>
			<key>sourceTree</key>
			<string>&lt;group&gt;</string>
		</dict>
		<key>63F11EA81A6E3B49000FF11B</key>
		<dict>
			<key>fileRef</key>
			<string>63F11EA71A6E3B49000FF11B</string>
			<key>isa</key>
			<string>PBXBuildFile</string>
		</dict>
		<key>63F11EA91A6E413B000FF11B</key>
		<dict>
			<key>children</key>
			<array>
				<string>63F11EAA1A6E413B000FF11B</string>
				<string>63F11EAB1A6E413B000FF11B</string>
			</array>
			<key>isa</key>
			<string>PBXGroup</string>
			<key>path</key>
			<string>Application Logic</string>
			<key>sourceTree</key>
			<string>&lt;group&gt;</string>
		</dict>
		<key>63F11EAA1A6E413B000FF11B</key>
		<dict>
			<key>children</key>
			<array/>
			<key>isa</key>
			<string>PBXGroup</string>
			<key>path</key>
			<string>Interactor</string>
			<key>sourceTree</key>
			<string>&lt;group&gt;</string>
		</dict>
		<key>63F11EAB1A6E413B000FF11B</key>
		<dict>
			<key>children</key>
			<array/>
			<key>isa</key>
			<string>PBXGroup</string>
			<key>path</key>
			<string>Manager</string>
			<key>sourceTree</key>
			<string>&lt;group&gt;</string>
		</dict>
		<key>63F11EAC1A6E413B000FF11B</key>
		<dict>
			<key>children</key>
			<array>
				<string>63F11EBF1A6E46DD000FF11B</string>
				<string>63F11EB21A6E41C9000FF11B</string>
				<string>63F11EB31A6E41C9000FF11B</string>
				<string>63F11EB41A6E41C9000FF11B</string>
			</array>
			<key>isa</key>
			<string>PBXGroup</string>
			<key>path</key>
			<string>User Interface</string>
			<key>sourceTree</key>
			<string>&lt;group&gt;</string>
		</dict>
		<key>63F11EAD1A6E413B000FF11B</key>
		<dict>
			<key>children</key>
			<array>
				<string>63F11EAE1A6E4160000FF11B</string>
				<string>63F11EAF1A6E4160000FF11B</string>
				<string>63F11EB11A6E416C000FF11B</string>
			</array>
			<key>isa</key>
			<string>PBXGroup</string>
			<key>path</key>
			<string>Module Interface</string>
			<key>sourceTree</key>
			<string>&lt;group&gt;</string>
		</dict>
		<key>63F11EAE1A6E4160000FF11B</key>
		<dict>
			<key>fileEncoding</key>
			<string>4</string>
			<key>isa</key>
			<string>PBXFileReference</string>
			<key>lastKnownFileType</key>
			<string>sourcecode.c.h</string>
			<key>path</key>
			<string>VTDAddModule.h</string>
			<key>sourceTree</key>
			<string>&lt;group&gt;</string>
		</dict>
		<key>63F11EAF1A6E4160000FF11B</key>
		<dict>
			<key>fileEncoding</key>
			<string>4</string>
			<key>isa</key>
			<string>PBXFileReference</string>
			<key>lastKnownFileType</key>
			<string>sourcecode.c.objc</string>
			<key>path</key>
			<string>VTDAddModule.m</string>
			<key>sourceTree</key>
			<string>&lt;group&gt;</string>
		</dict>
		<key>63F11EB01A6E4160000FF11B</key>
		<dict>
			<key>fileRef</key>
			<string>63F11EAF1A6E4160000FF11B</string>
			<key>isa</key>
			<string>PBXBuildFile</string>
		</dict>
		<key>63F11EB11A6E416C000FF11B</key>
		<dict>
			<key>fileEncoding</key>
			<string>4</string>
			<key>isa</key>
			<string>PBXFileReference</string>
			<key>lastKnownFileType</key>
			<string>sourcecode.c.h</string>
			<key>path</key>
			<string>VTDAddProtocol.h</string>
			<key>sourceTree</key>
			<string>&lt;group&gt;</string>
		</dict>
		<key>63F11EB21A6E41C9000FF11B</key>
		<dict>
			<key>children</key>
			<array>
				<string>63F11EB51A6E420F000FF11B</string>
				<string>63F11EB61A6E420F000FF11B</string>
			</array>
			<key>isa</key>
			<string>PBXGroup</string>
			<key>path</key>
			<string>Wireframe</string>
			<key>sourceTree</key>
			<string>&lt;group&gt;</string>
		</dict>
		<key>63F11EB31A6E41C9000FF11B</key>
		<dict>
			<key>children</key>
			<array>
				<string>63F11EBB1A6E42AE000FF11B</string>
				<string>63F11EBC1A6E42AE000FF11B</string>
			</array>
			<key>isa</key>
			<string>PBXGroup</string>
			<key>path</key>
			<string>Presenter</string>
			<key>sourceTree</key>
			<string>&lt;group&gt;</string>
		</dict>
		<key>63F11EB41A6E41C9000FF11B</key>
		<dict>
			<key>children</key>
			<array>
				<string>63F11EB81A6E4296000FF11B</string>
				<string>63F11EB91A6E4296000FF11B</string>
			</array>
			<key>isa</key>
			<string>PBXGroup</string>
			<key>path</key>
			<string>View</string>
			<key>sourceTree</key>
			<string>&lt;group&gt;</string>
		</dict>
		<key>63F11EB51A6E420F000FF11B</key>
		<dict>
			<key>fileEncoding</key>
			<string>4</string>
			<key>isa</key>
			<string>PBXFileReference</string>
			<key>lastKnownFileType</key>
			<string>sourcecode.c.h</string>
			<key>path</key>
			<string>VTDAddWireFrame.h</string>
			<key>sourceTree</key>
			<string>&lt;group&gt;</string>
		</dict>
		<key>63F11EB61A6E420F000FF11B</key>
		<dict>
			<key>fileEncoding</key>
			<string>4</string>
			<key>isa</key>
			<string>PBXFileReference</string>
			<key>lastKnownFileType</key>
			<string>sourcecode.c.objc</string>
			<key>path</key>
			<string>VTDAddWireFrame.m</string>
			<key>sourceTree</key>
			<string>&lt;group&gt;</string>
		</dict>
		<key>63F11EB71A6E420F000FF11B</key>
		<dict>
			<key>fileRef</key>
			<string>63F11EB61A6E420F000FF11B</string>
			<key>isa</key>
			<string>PBXBuildFile</string>
		</dict>
		<key>63F11EB81A6E4296000FF11B</key>
		<dict>
			<key>fileEncoding</key>
			<string>4</string>
			<key>isa</key>
			<string>PBXFileReference</string>
			<key>lastKnownFileType</key>
			<string>sourcecode.c.h</string>
			<key>path</key>
			<string>VTDAddViewController.h</string>
			<key>sourceTree</key>
			<string>&lt;group&gt;</string>
		</dict>
		<key>63F11EB91A6E4296000FF11B</key>
		<dict>
			<key>fileEncoding</key>
			<string>4</string>
			<key>isa</key>
			<string>PBXFileReference</string>
			<key>lastKnownFileType</key>
			<string>sourcecode.c.objc</string>
			<key>path</key>
			<string>VTDAddViewController.m</string>
			<key>sourceTree</key>
			<string>&lt;group&gt;</string>
		</dict>
		<key>63F11EBA1A6E4296000FF11B</key>
		<dict>
			<key>fileRef</key>
			<string>63F11EB91A6E4296000FF11B</string>
			<key>isa</key>
			<string>PBXBuildFile</string>
		</dict>
		<key>63F11EBB1A6E42AE000FF11B</key>
		<dict>
			<key>fileEncoding</key>
			<string>4</string>
			<key>isa</key>
			<string>PBXFileReference</string>
			<key>lastKnownFileType</key>
			<string>sourcecode.c.h</string>
			<key>path</key>
			<string>VTDAddPresenter.h</string>
			<key>sourceTree</key>
			<string>&lt;group&gt;</string>
		</dict>
		<key>63F11EBC1A6E42AE000FF11B</key>
		<dict>
			<key>fileEncoding</key>
			<string>4</string>
			<key>isa</key>
			<string>PBXFileReference</string>
			<key>lastKnownFileType</key>
			<string>sourcecode.c.objc</string>
			<key>path</key>
			<string>VTDAddPresenter.m</string>
			<key>sourceTree</key>
			<string>&lt;group&gt;</string>
		</dict>
		<key>63F11EBD1A6E42AE000FF11B</key>
		<dict>
			<key>fileRef</key>
			<string>63F11EBC1A6E42AE000FF11B</string>
			<key>isa</key>
			<string>PBXBuildFile</string>
		</dict>
		<key>63F11EBF1A6E46DD000FF11B</key>
		<dict>
			<key>children</key>
			<array>
				<string>63F11EC01A6E470F000FF11B</string>
				<string>63F11EC11A6E470F000FF11B</string>
				<string>63F11EC31A6E5E51000FF11B</string>
				<string>63F11EC41A6E5E51000FF11B</string>
			</array>
			<key>isa</key>
			<string>PBXGroup</string>
			<key>path</key>
			<string>Transition</string>
			<key>sourceTree</key>
			<string>&lt;group&gt;</string>
		</dict>
		<key>63F11EC01A6E470F000FF11B</key>
		<dict>
			<key>fileEncoding</key>
			<string>4</string>
			<key>isa</key>
			<string>PBXFileReference</string>
			<key>lastKnownFileType</key>
			<string>sourcecode.c.h</string>
			<key>path</key>
			<string>VTDAddPresentationTransition.h</string>
			<key>sourceTree</key>
			<string>&lt;group&gt;</string>
		</dict>
		<key>63F11EC11A6E470F000FF11B</key>
		<dict>
			<key>fileEncoding</key>
			<string>4</string>
			<key>isa</key>
			<string>PBXFileReference</string>
			<key>lastKnownFileType</key>
			<string>sourcecode.c.objc</string>
			<key>path</key>
			<string>VTDAddPresentationTransition.m</string>
			<key>sourceTree</key>
			<string>&lt;group&gt;</string>
		</dict>
		<key>63F11EC21A6E470F000FF11B</key>
		<dict>
			<key>fileRef</key>
			<string>63F11EC11A6E470F000FF11B</string>
			<key>isa</key>
			<string>PBXBuildFile</string>
		</dict>
		<key>63F11EC31A6E5E51000FF11B</key>
		<dict>
			<key>fileEncoding</key>
			<string>4</string>
			<key>isa</key>
			<string>PBXFileReference</string>
			<key>lastKnownFileType</key>
			<string>sourcecode.c.h</string>
			<key>path</key>
			<string>VTDAddDismissTransition.h</string>
			<key>sourceTree</key>
			<string>&lt;group&gt;</string>
		</dict>
		<key>63F11EC41A6E5E51000FF11B</key>
		<dict>
			<key>fileEncoding</key>
			<string>4</string>
			<key>isa</key>
			<string>PBXFileReference</string>
			<key>lastKnownFileType</key>
			<string>sourcecode.c.objc</string>
			<key>path</key>
			<string>VTDAddDismissTransition.m</string>
			<key>sourceTree</key>
			<string>&lt;group&gt;</string>
		</dict>
		<key>63F11EC51A6E5E51000FF11B</key>
		<dict>
			<key>fileRef</key>
			<string>63F11EC41A6E5E51000FF11B</string>
			<key>isa</key>
			<string>PBXBuildFile</string>
		</dict>
		<key>63F11EC61A6F4A7A000FF11B</key>
		<dict>
			<key>children</key>
			<array>
				<string>63F11EC71A6F4A8A000FF11B</string>
				<string>63F11EC81A6F4A8A000FF11B</string>
			</array>
			<key>isa</key>
			<string>PBXGroup</string>
			<key>path</key>
			<string>Model</string>
			<key>sourceTree</key>
			<string>&lt;group&gt;</string>
		</dict>
		<key>63F11EC71A6F4A8A000FF11B</key>
		<dict>
			<key>fileEncoding</key>
			<string>4</string>
			<key>isa</key>
			<string>PBXFileReference</string>
			<key>lastKnownFileType</key>
			<string>sourcecode.c.h</string>
			<key>path</key>
			<string>VTDTodoItem.h</string>
			<key>sourceTree</key>
			<string>&lt;group&gt;</string>
		</dict>
		<key>63F11EC81A6F4A8A000FF11B</key>
		<dict>
			<key>fileEncoding</key>
			<string>4</string>
			<key>isa</key>
			<string>PBXFileReference</string>
			<key>lastKnownFileType</key>
			<string>sourcecode.c.objc</string>
			<key>path</key>
			<string>VTDTodoItem.m</string>
			<key>sourceTree</key>
			<string>&lt;group&gt;</string>
		</dict>
		<key>63F11EC91A6F4A8A000FF11B</key>
		<dict>
			<key>fileRef</key>
			<string>63F11EC81A6F4A8A000FF11B</string>
			<key>isa</key>
			<string>PBXBuildFile</string>
		</dict>
		<key>63F11ECD1A6F4C12000FF11B</key>
		<dict>
			<key>children</key>
			<array>
				<string>63F11ECE1A6F4C28000FF11B</string>
				<string>63F11ECF1A6F4C28000FF11B</string>
				<string>63F11ED11A6F4C3B000FF11B</string>
				<string>63F11ED21A6F4C3B000FF11B</string>
			</array>
			<key>isa</key>
			<string>PBXGroup</string>
			<key>path</key>
			<string>Interactor</string>
			<key>sourceTree</key>
			<string>&lt;group&gt;</string>
		</dict>
		<key>63F11ECE1A6F4C28000FF11B</key>
		<dict>
			<key>fileEncoding</key>
			<string>4</string>
			<key>isa</key>
			<string>PBXFileReference</string>
			<key>lastKnownFileType</key>
			<string>sourcecode.c.h</string>
			<key>path</key>
			<string>VTDListUpcomingItem.h</string>
			<key>sourceTree</key>
			<string>&lt;group&gt;</string>
		</dict>
		<key>63F11ECF1A6F4C28000FF11B</key>
		<dict>
			<key>fileEncoding</key>
			<string>4</string>
			<key>isa</key>
			<string>PBXFileReference</string>
			<key>lastKnownFileType</key>
			<string>sourcecode.c.objc</string>
			<key>path</key>
			<string>VTDListUpcomingItem.m</string>
			<key>sourceTree</key>
			<string>&lt;group&gt;</string>
		</dict>
		<key>63F11ED01A6F4C28000FF11B</key>
		<dict>
			<key>fileRef</key>
			<string>63F11ECF1A6F4C28000FF11B</string>
			<key>isa</key>
			<string>PBXBuildFile</string>
		</dict>
		<key>63F11ED11A6F4C3B000FF11B</key>
		<dict>
			<key>fileEncoding</key>
			<string>4</string>
			<key>isa</key>
			<string>PBXFileReference</string>
			<key>lastKnownFileType</key>
			<string>sourcecode.c.h</string>
			<key>path</key>
			<string>VTDListInteractor.h</string>
			<key>sourceTree</key>
			<string>&lt;group&gt;</string>
		</dict>
		<key>63F11ED21A6F4C3B000FF11B</key>
		<dict>
			<key>fileEncoding</key>
			<string>4</string>
			<key>isa</key>
			<string>PBXFileReference</string>
			<key>lastKnownFileType</key>
			<string>sourcecode.c.objc</string>
			<key>path</key>
			<string>VTDListInteractor.m</string>
			<key>sourceTree</key>
			<string>&lt;group&gt;</string>
		</dict>
		<key>63F11ED31A6F4C3B000FF11B</key>
		<dict>
			<key>fileRef</key>
			<string>63F11ED21A6F4C3B000FF11B</string>
			<key>isa</key>
			<string>PBXBuildFile</string>
		</dict>
		<key>63F11ED41A6F5137000FF11B</key>
		<dict>
			<key>fileEncoding</key>
			<string>4</string>
			<key>isa</key>
			<string>PBXFileReference</string>
			<key>lastKnownFileType</key>
			<string>sourcecode.c.h</string>
			<key>path</key>
			<string>VTDListUpcomingItemProvider.h</string>
			<key>sourceTree</key>
			<string>&lt;group&gt;</string>
		</dict>
		<key>63F11ED51A6F5137000FF11B</key>
		<dict>
			<key>fileEncoding</key>
			<string>4</string>
			<key>isa</key>
			<string>PBXFileReference</string>
			<key>lastKnownFileType</key>
			<string>sourcecode.c.objc</string>
			<key>path</key>
			<string>VTDListUpcomingItemProvider.m</string>
			<key>sourceTree</key>
			<string>&lt;group&gt;</string>
		</dict>
		<key>63F11ED61A6F5137000FF11B</key>
		<dict>
			<key>fileRef</key>
			<string>63F11ED51A6F5137000FF11B</string>
			<key>isa</key>
			<string>PBXBuildFile</string>
		</dict>
		<key>63F11ED71A6F5193000FF11B</key>
		<dict>
			<key>fileEncoding</key>
			<string>4</string>
			<key>isa</key>
			<string>PBXFileReference</string>
			<key>lastKnownFileType</key>
			<string>sourcecode.c.h</string>
			<key>path</key>
			<string>VTDListDataManager.h</string>
			<key>sourceTree</key>
			<string>&lt;group&gt;</string>
		</dict>
		<key>63F11ED81A6F5193000FF11B</key>
		<dict>
			<key>fileEncoding</key>
			<string>4</string>
			<key>isa</key>
			<string>PBXFileReference</string>
			<key>lastKnownFileType</key>
			<string>sourcecode.c.objc</string>
			<key>path</key>
			<string>VTDListDataManager.m</string>
			<key>sourceTree</key>
			<string>&lt;group&gt;</string>
		</dict>
		<key>63F11ED91A6F5193000FF11B</key>
		<dict>
			<key>fileRef</key>
			<string>63F11ED81A6F5193000FF11B</string>
			<key>isa</key>
			<string>PBXBuildFile</string>
		</dict>
		<key>63F11EDA1A6F5374000FF11B</key>
		<dict>
			<key>fileEncoding</key>
			<string>4</string>
			<key>isa</key>
			<string>PBXFileReference</string>
			<key>lastKnownFileType</key>
			<string>sourcecode.c.objc</string>
			<key>path</key>
			<string>VTDListTests.m</string>
			<key>sourceTree</key>
			<string>&lt;group&gt;</string>
		</dict>
		<key>63F11EDB1A6F5374000FF11B</key>
		<dict>
			<key>fileRef</key>
			<string>63F11EDA1A6F5374000FF11B</string>
			<key>isa</key>
			<string>PBXBuildFile</string>
		</dict>
		<key>76D5A0D8E4EC4688CE2B6A6D</key>
		<dict>
			<key>includeInIndex</key>
			<string>1</string>
			<key>isa</key>
			<string>PBXFileReference</string>
			<key>lastKnownFileType</key>
			<string>text.xcconfig</string>
			<key>name</key>
			<string>Pods-objectionViperTests.debug.xcconfig</string>
			<key>path</key>
			<string>Pods/Target Support Files/Pods-objectionViperTests/Pods-objectionViperTests.debug.xcconfig</string>
			<key>sourceTree</key>
			<string>&lt;group&gt;</string>
		</dict>
		<key>887153EDBD665060E01D9813</key>
		<dict>
			<key>includeInIndex</key>
			<string>1</string>
			<key>isa</key>
			<string>PBXFileReference</string>
			<key>lastKnownFileType</key>
			<string>text.xcconfig</string>
			<key>name</key>
			<string>Pods-objectionViper.debug.xcconfig</string>
			<key>path</key>
			<string>Pods/Target Support Files/Pods-objectionViper/Pods-objectionViper.debug.xcconfig</string>
			<key>sourceTree</key>
			<string>&lt;group&gt;</string>
		</dict>
		<key>9ACD9069B580729F564CFD8C</key>
		<dict>
			<key>fileRef</key>
			<string>E976B9CFB8D9B7DCB7F00E73</string>
			<key>isa</key>
			<string>PBXBuildFile</string>
		</dict>
		<key>B0E28354D1282A5B5B67338A</key>
		<dict>
			<key>fileRef</key>
			<string>F9BAB2911896C5873B212916</string>
			<key>isa</key>
			<string>PBXBuildFile</string>
		</dict>
		<key>B4B73161896A31FE52E28A49</key>
		<dict>
			<key>includeInIndex</key>
			<string>1</string>
			<key>isa</key>
			<string>PBXFileReference</string>
			<key>lastKnownFileType</key>
			<string>text.xcconfig</string>
			<key>name</key>
			<string>Pods-objectionViper.release.xcconfig</string>
			<key>path</key>
			<string>Pods/Target Support Files/Pods-objectionViper/Pods-objectionViper.release.xcconfig</string>
			<key>sourceTree</key>
			<string>&lt;group&gt;</string>
		</dict>
		<key>E976B9CFB8D9B7DCB7F00E73</key>
		<dict>
			<key>explicitFileType</key>
			<string>archive.ar</string>
			<key>includeInIndex</key>
			<string>0</string>
			<key>isa</key>
			<string>PBXFileReference</string>
			<key>path</key>
			<string>libPods-objectionViperTests.a</string>
			<key>sourceTree</key>
			<string>BUILT_PRODUCTS_DIR</string>
		</dict>
		<key>EEB73998684FE6BAE1B4C41F</key>
		<dict>
			<key>includeInIndex</key>
			<string>1</string>
			<key>isa</key>
			<string>PBXFileReference</string>
			<key>lastKnownFileType</key>
			<string>text.xcconfig</string>
			<key>name</key>
			<string>Pods-objectionViperTests.release.xcconfig</string>
			<key>path</key>
			<string>Pods/Target Support Files/Pods-objectionViperTests/Pods-objectionViperTests.release.xcconfig</string>
			<key>sourceTree</key>
			<string>&lt;group&gt;</string>
		</dict>
		<key>F2EA872260FE9FA74207C2F1</key>
		<dict>
			<key>buildActionMask</key>
			<string>2147483647</string>
			<key>files</key>
			<array/>
			<key>inputPaths</key>
			<array/>
			<key>isa</key>
			<string>PBXShellScriptBuildPhase</string>
			<key>name</key>
			<string>Copy Pods Resources</string>
			<key>outputPaths</key>
			<array/>
			<key>runOnlyForDeploymentPostprocessing</key>
			<string>0</string>
			<key>shellPath</key>
			<string>/bin/sh</string>
			<key>shellScript</key>
			<string>"${SRCROOT}/Pods/Target Support Files/Pods-objectionViperTests/Pods-objectionViperTests-resources.sh"
</string>
			<key>showEnvVarsInLog</key>
			<string>0</string>
		</dict>
		<key>F9BAB2911896C5873B212916</key>
		<dict>
			<key>explicitFileType</key>
			<string>archive.ar</string>
			<key>includeInIndex</key>
			<string>0</string>
			<key>isa</key>
			<string>PBXFileReference</string>
			<key>path</key>
			<string>libPods-objectionViper.a</string>
			<key>sourceTree</key>
			<string>BUILT_PRODUCTS_DIR</string>
		</dict>
	</dict>
	<key>rootObject</key>
	<string>639F78BF1A6DF9D700654082</string>
</dict>
</plist>
